
Microsoft Visual Studio Solution File, Format Version 12.00
# Visual Studio Version 16
VisualStudioVersion = 16.0.32602.291
MinimumVisualStudioVersion = 10.0.40219.1
Project("{FAE04EC0-301F-11D3-BF4B-00C04F79EFBC}") = "WebApplication2", "WebApplication2.csproj", "{DD5FF750-71E8-46E1-9DFE-ACD801FCF0B3}"
EndProject
Global
	GlobalSection(SolutionConfigurationPlatforms) = preSolution
		Debug|Any CPU = Debug|Any CPU
		Release|Any CPU = Release|Any CPU
	EndGlobalSection
	GlobalSection(ProjectConfigurationPlatforms) = postSolution
		{DD5FF750-71E8-46E1-9DFE-ACD801FCF0B3}.Debug|Any CPU.ActiveCfg = Debug|Any CPU
		{DD5FF750-71E8-46E1-9DFE-ACD801FCF0B3}.Debug|Any CPU.Build.0 = Debug|Any CPU
		{DD5FF750-71E8-46E1-9DFE-ACD801FCF0B3}.Release|Any CPU.ActiveCfg = Release|Any CPU
		{DD5FF750-71E8-46E1-9DFE-ACD801FCF0B3}.Release|Any CPU.Build.0 = Release|Any CPU
	EndGlobalSection
	GlobalSection(SolutionProperties) = preSolution
		HideSolutionNode = FALSE
	EndGlobalSection
	GlobalSection(ExtensibilityGlobals) = postSolution
		SolutionGuid = {0C5923CE-6775-4807-816A-23A322714873}
	EndGlobalSection
EndGlobal
